# This file is automatically @generated by Cargo.
# It is not intended for manual editing.
version = 3

[[package]]
name = "adler"
version = "1.0.2"
source = "registry+https://github.com/rust-lang/crates.io-index"
checksum = "f26201604c87b1e01bd3d98f8d5d9a8fcbb815e8cedb41ffccbeb4bf593a35fe"

[[package]]
name = "bcm2835-lpa"
version = "0.4.0"
source = "registry+https://github.com/rust-lang/crates.io-index"
checksum = "97910c8c3ee90736ca564f1ede9f5c2403d3cfdef212296d7df2b82badea3a97"
dependencies = [
 "portable-atomic 0.3.20",
 "vcell",
]

[[package]]
name = "cfg-if"
version = "1.0.0"
source = "registry+https://github.com/rust-lang/crates.io-index"
checksum = "baf1de4339761588bc0619e3cbc0120ee582ebb74b53b4efbf79117bd2da40fd"

[[package]]
name = "crc32fast"
version = "1.4.2"
source = "registry+https://github.com/rust-lang/crates.io-index"
checksum = "a97769d94ddab943e4510d138150169a2758b5ef3eb191a9ee688de3e23ef7b3"
dependencies = [
 "cfg-if",
]

[[package]]
name = "error-stack"
version = "0.4.1"
source = "registry+https://github.com/rust-lang/crates.io-index"
checksum = "27a72baa257b5e0e2de241967bc5ee8f855d6072351042688621081d66b2a76b"
dependencies = [
 "rustc_version",
]

[[package]]
name = "miniz_oxide"
version = "0.7.4"
source = "registry+https://github.com/rust-lang/crates.io-index"
checksum = "b8a240ddb74feaf34a79a7add65a741f3167852fba007066dcac1ca548d89c08"
dependencies = [
 "adler",
 "rustc-std-workspace-alloc",
 "simd-adler32",
]

[[package]]
name = "musli"
version = "0.0.122"
source = "registry+https://github.com/rust-lang/crates.io-index"
checksum = "7d7a1d89793329c749e2a9ac305801908463eb6bc738e8ce30fd80e96306cab7"
dependencies = [
 "musli-core",
 "serde",
 "simdutf8",
]

[[package]]
name = "musli-core"
version = "0.0.122"
source = "registry+https://github.com/rust-lang/crates.io-index"
checksum = "70d662e1dd7895c9273e9de177c5c1aeecf3cfb57427292ef4c846e99b9e1274"
dependencies = [
 "musli-macros",
]

[[package]]
name = "musli-macros"
version = "0.0.122"
source = "registry+https://github.com/rust-lang/crates.io-index"
checksum = "a8eae2ce7bd42816bd9dca376b82e29dc779168ed1c8ecb634fa05f7ffcbeb7f"
dependencies = [
 "proc-macro2",
 "quote",
 "syn",
]

[[package]]
name = "musli-zerocopy"
version = "0.0.122"
source = "registry+https://github.com/rust-lang/crates.io-index"
checksum = "30b7209f4645d11c80b8bf6a71096c321eb8d65d0e741d031caba5a4cd6997a3"
dependencies = [
 "musli-zerocopy-macros",
 "rand",
]

[[package]]
name = "musli-zerocopy-macros"
version = "0.0.122"
source = "registry+https://github.com/rust-lang/crates.io-index"
checksum = "72878497d50d41d6fcf4e325ee57dd5cae60e6e92be9df049742ecc37ebb5a2c"
dependencies = [
 "proc-macro2",
 "quote",
 "syn",
]

[[package]]
name = "ok-registers"
version = "0.1.0"

[[package]]
name = "okboot"
version = "0.1.0"
dependencies = [
 "bcm2835-lpa",
 "crc32fast",
 "error-stack",
 "miniz_oxide",
 "musli-zerocopy",
 "okboot-common",
 "thiserror-core",
 "tock-registers",
]

[[package]]
name = "okboot-common"
version = "0.1.0"
dependencies = [
 "crc32fast",
 "miniz_oxide",
 "musli",
 "thiserror-core",
]

[[package]]
name = "okdude"
version = "0.1.0"
dependencies = [
 "okboot-common",
]

[[package]]
name = "portable-atomic"
version = "0.3.20"
source = "registry+https://github.com/rust-lang/crates.io-index"
checksum = "e30165d31df606f5726b090ec7592c308a0eaf61721ff64c9a3018e344a8753e"
dependencies = [
 "portable-atomic 1.6.0",
]

[[package]]
name = "portable-atomic"
version = "1.6.0"
source = "registry+https://github.com/rust-lang/crates.io-index"
checksum = "7170ef9988bc169ba16dd36a7fa041e5c4cbeb6a35b76d4c03daded371eae7c0"

[[package]]
name = "proc-macro2"
version = "1.0.85"
source = "registry+https://github.com/rust-lang/crates.io-index"
checksum = "22244ce15aa966053a896d1accb3a6e68469b97c7f33f284b99f0d576879fc23"
dependencies = [
 "unicode-ident",
]

[[package]]
name = "quote"
version = "1.0.36"
source = "registry+https://github.com/rust-lang/crates.io-index"
checksum = "0fa76aaf39101c457836aec0ce2316dbdc3ab723cdda1c6bd4e6ad4208acaca7"
dependencies = [
 "proc-macro2",
]

[[package]]
name = "rand"
version = "0.8.5"
source = "registry+https://github.com/rust-lang/crates.io-index"
checksum = "34af8d1a0e25924bc5b7c43c079c942339d8f0a8b57c39049bef581b46327404"
dependencies = [
 "rand_core",
]

[[package]]
name = "rand_core"
version = "0.6.4"
source = "registry+https://github.com/rust-lang/crates.io-index"
checksum = "ec0be4795e2f6a28069bec0b5ff3e2ac9bafc99e6a9a7dc3547996c5c816922c"

[[package]]
name = "rustc-std-workspace-alloc"
version = "1.0.0"
source = "registry+https://github.com/rust-lang/crates.io-index"
checksum = "ff66d57013a5686e1917ed6a025d54dd591fcda71a41fe07edf4d16726aefa86"

[[package]]
name = "rustc_version"
version = "0.4.0"
source = "registry+https://github.com/rust-lang/crates.io-index"
checksum = "bfa0f585226d2e68097d4f95d113b15b83a82e819ab25717ec0590d9584ef366"
dependencies = [
 "semver",
]

[[package]]
name = "semver"
version = "1.0.23"
source = "registry+https://github.com/rust-lang/crates.io-index"
checksum = "61697e0a1c7e512e84a621326239844a24d8207b4669b41bc18b32ea5cbf988b"

[[package]]
name = "serde"
version = "1.0.203"
source = "registry+https://github.com/rust-lang/crates.io-index"
checksum = "7253ab4de971e72fb7be983802300c30b5a7f0c2e56fab8abfc6a214307c0094"
dependencies = [
 "serde_derive",
]

[[package]]
name = "serde_derive"
version = "1.0.203"
source = "registry+https://github.com/rust-lang/crates.io-index"
checksum = "500cbc0ebeb6f46627f50f3f5811ccf6bf00643be300b4c3eabc0ef55dc5b5ba"
dependencies = [
 "proc-macro2",
 "quote",
 "syn",
]

[[package]]
name = "simd-adler32"
version = "0.3.7"
source = "registry+https://github.com/rust-lang/crates.io-index"
checksum = "d66dc143e6b11c1eddc06d5c423cfc97062865baf299914ab64caa38182078fe"

[[package]]
name = "simdutf8"
version = "0.1.4"
source = "registry+https://github.com/rust-lang/crates.io-index"
checksum = "f27f6278552951f1f2b8cf9da965d10969b2efdea95a6ec47987ab46edfe263a"

[[package]]
name = "syn"
version = "2.0.66"
source = "registry+https://github.com/rust-lang/crates.io-index"
checksum = "c42f3f41a2de00b01c0aaad383c5a45241efc8b2d1eda5661812fda5f3cdcff5"
dependencies = [
 "proc-macro2",
 "quote",
 "unicode-ident",
]

[[package]]
name = "thiserror-core"
version = "1.0.50"
source = "registry+https://github.com/rust-lang/crates.io-index"
checksum = "c001ee18b7e5e3f62cbf58c7fe220119e68d902bb7443179c0c8aef30090e999"
dependencies = [
 "thiserror-core-impl",
]

[[package]]
name = "thiserror-core-impl"
version = "1.0.50"
source = "registry+https://github.com/rust-lang/crates.io-index"
checksum = "e4c60d69f36615a077cc7663b9cb8e42275722d23e58a7fa3d2c7f2915d09d04"
dependencies = [
 "proc-macro2",
 "quote",
 "syn",
]

[[package]]
name = "tock-registers"
version = "0.9.0"
source = "registry+https://github.com/rust-lang/crates.io-index"
checksum = "2b9e2fdb3a1e862c0661768b7ed25390811df1947a8acbfbefe09b47078d93c4"

[[package]]
name = "unicode-ident"
version = "1.0.12"
source = "registry+https://github.com/rust-lang/crates.io-index"
checksum = "3354b9ac3fae1ff6755cb6db53683adb661634f67557942dea4facebec0fee4b"

[[package]]
name = "vcell"
version = "0.1.3"
source = "registry+https://github.com/rust-lang/crates.io-index"
checksum = "77439c1b53d2303b20d9459b1ade71a83c716e3f9c34f3228c00e6f185d6c002"
